// !$*UTF8*$!
{
	archiveVersion = 1;
	classes = {
	};
	objectVersion = 50;
	objects = {

/* Begin PBXBuildFile section */
		AC60BB74233F149F003BABD4 /* Reflection.swift in Sources */ = {isa = PBXBuildFile; fileRef = AC60BB73233F149F003BABD4 /* Reflection.swift */; };
		AC60BB76233F2912003BABD4 /* ListViewController.swift in Sources */ = {isa = PBXBuildFile; fileRef = AC60BB75233F2912003BABD4 /* ListViewController.swift */; };
		AC60BB78233F3097003BABD4 /* DetailViewController.swift in Sources */ = {isa = PBXBuildFile; fileRef = AC60BB77233F3097003BABD4 /* DetailViewController.swift */; };
		ACFC7568233F099C0084D8F4 /* AppDelegate.swift in Sources */ = {isa = PBXBuildFile; fileRef = ACFC7567233F099C0084D8F4 /* AppDelegate.swift */; };
		ACFC756F233F099C0084D8F4 /* Main.storyboard in Resources */ = {isa = PBXBuildFile; fileRef = ACFC756D233F099C0084D8F4 /* Main.storyboard */; };
		ACFC7571233F099E0084D8F4 /* Assets.xcassets in Resources */ = {isa = PBXBuildFile; fileRef = ACFC7570233F099E0084D8F4 /* Assets.xcassets */; };
		ACFC7574233F099E0084D8F4 /* LaunchScreen.storyboard in Resources */ = {isa = PBXBuildFile; fileRef = ACFC7572233F099E0084D8F4 /* LaunchScreen.storyboard */; };
		ACFC757D233F0AB10084D8F4 /* Model.swift in Sources */ = {isa = PBXBuildFile; fileRef = ACFC757C233F0AB10084D8F4 /* Model.swift */; };
/* End PBXBuildFile section */

/* Begin PBXFileReference section */
		AC60BB73233F149F003BABD4 /* Reflection.swift */ = {isa = PBXFileReference; lastKnownFileType = sourcecode.swift; path = Reflection.swift; sourceTree = "<group>"; };
		AC60BB75233F2912003BABD4 /* ListViewController.swift */ = {isa = PBXFileReference; lastKnownFileType = sourcecode.swift; path = ListViewController.swift; sourceTree = "<group>"; };
		AC60BB77233F3097003BABD4 /* DetailViewController.swift */ = {isa = PBXFileReference; lastKnownFileType = sourcecode.swift; path = DetailViewController.swift; sourceTree = "<group>"; };
		ACFC7564233F099C0084D8F4 /* STS-Test.app */ = {isa = PBXFileReference; explicitFileType = wrapper.application; includeInIndex = 0; path = "STS-Test.app"; sourceTree = BUILT_PRODUCTS_DIR; };
		ACFC7567233F099C0084D8F4 /* AppDelegate.swift */ = {isa = PBXFileReference; lastKnownFileType = sourcecode.swift; path = AppDelegate.swift; sourceTree = "<group>"; };
		ACFC756E233F099C0084D8F4 /* Base */ = {isa = PBXFileReference; lastKnownFileType = file.storyboard; name = Base; path = Base.lproj/Main.storyboard; sourceTree = "<group>"; };
		ACFC7570233F099E0084D8F4 /* Assets.xcassets */ = {isa = PBXFileReference; lastKnownFileType = folder.assetcatalog; path = Assets.xcassets; sourceTree = "<group>"; };
		ACFC7573233F099E0084D8F4 /* Base */ = {isa = PBXFileReference; lastKnownFileType = file.storyboard; name = Base; path = Base.lproj/LaunchScreen.storyboard; sourceTree = "<group>"; };
		ACFC7575233F099E0084D8F4 /* Info.plist */ = {isa = PBXFileReference; lastKnownFileType = text.plist.xml; path = Info.plist; sourceTree = "<group>"; };
		ACFC757C233F0AB10084D8F4 /* Model.swift */ = {isa = PBXFileReference; lastKnownFileType = sourcecode.swift; path = Model.swift; sourceTree = "<group>"; };
/* End PBXFileReference section */

/* Begin PBXFrameworksBuildPhase section */
		ACFC7561233F099C0084D8F4 /* Frameworks */ = {
			isa = PBXFrameworksBuildPhase;
			buildActionMask = 2147483647;
			files = (
			);
			runOnlyForDeploymentPostprocessing = 0;
		};
/* End PBXFrameworksBuildPhase section */

/* Begin PBXGroup section */
		ACFC755B233F099C0084D8F4 = {
			isa = PBXGroup;
			children = (
				ACFC7566233F099C0084D8F4 /* STS-Test */,
				ACFC7565233F099C0084D8F4 /* Products */,
			);
			sourceTree = "<group>";
		};
		ACFC7565233F099C0084D8F4 /* Products */ = {
			isa = PBXGroup;
			children = (
				ACFC7564233F099C0084D8F4 /* STS-Test.app */,
			);
			name = Products;
			sourceTree = "<group>";
		};
		ACFC7566233F099C0084D8F4 /* STS-Test */ = {
			isa = PBXGroup;
			children = (
				ACFC757C233F0AB10084D8F4 /* Model.swift */,
				AC60BB73233F149F003BABD4 /* Reflection.swift */,
				ACFC7567233F099C0084D8F4 /* AppDelegate.swift */,
				AC60BB75233F2912003BABD4 /* ListViewController.swift */,
				AC60BB77233F3097003BABD4 /* DetailViewController.swift */,
				ACFC756D233F099C0084D8F4 /* Main.storyboard */,
				ACFC7570233F099E0084D8F4 /* Assets.xcassets */,
				ACFC7572233F099E0084D8F4 /* LaunchScreen.storyboard */,
				ACFC7575233F099E0084D8F4 /* Info.plist */,
			);
			path = "STS-Test";
			sourceTree = "<group>";
		};
/* End PBXGroup section */

/* Begin PBXNativeTarget section */
		ACFC7563233F099C0084D8F4 /* STS-Test */ = {
			isa = PBXNativeTarget;
			buildConfigurationList = ACFC7578233F099E0084D8F4 /* Build configuration list for PBXNativeTarget "STS-Test" */;
			buildPhases = (
				ACFC7560233F099C0084D8F4 /* Sources */,
				ACFC7561233F099C0084D8F4 /* Frameworks */,
				ACFC7562233F099C0084D8F4 /* Resources */,
			);
			buildRules = (
			);
			dependencies = (
			);
			name = "STS-Test";
			productName = "STS-Test";
			productReference = ACFC7564233F099C0084D8F4 /* STS-Test.app */;
			productType = "com.apple.product-type.application";
		};
/* End PBXNativeTarget section */

/* Begin PBXProject section */
		ACFC755C233F099C0084D8F4 /* Project object */ = {
			isa = PBXProject;
			attributes = {
				LastSwiftUpdateCheck = 1100;
				LastUpgradeCheck = 1100;
				ORGANIZATIONNAME = temi4hik;
				TargetAttributes = {
					ACFC7563233F099C0084D8F4 = {
						CreatedOnToolsVersion = 11.0;
					};
				};
			};
			buildConfigurationList = ACFC755F233F099C0084D8F4 /* Build configuration list for PBXProject "STS-Test" */;
			compatibilityVersion = "Xcode 9.3";
			developmentRegion = en;
			hasScannedForEncodings = 0;
			knownRegions = (
				en,
				Base,
			);
			mainGroup = ACFC755B233F099C0084D8F4;
			productRefGroup = ACFC7565233F099C0084D8F4 /* Products */;
			projectDirPath = "";
			projectRoot = "";
			targets = (
				ACFC7563233F099C0084D8F4 /* STS-Test */,
			);
		};
/* End PBXProject section */

/* Begin PBXResourcesBuildPhase section */
		ACFC7562233F099C0084D8F4 /* Resources */ = {
			isa = PBXResourcesBuildPhase;
			buildActionMask = 2147483647;
			files = (
				ACFC7574233F099E0084D8F4 /* LaunchScreen.storyboard in Resources */,
				ACFC7571233F099E0084D8F4 /* Assets.xcassets in Resources */,
				ACFC756F233F099C0084D8F4 /* Main.storyboard in Resources */,
			);
			runOnlyForDeploymentPostprocessing = 0;
		};
/* End PBXResourcesBuildPhase section */

/* Begin PBXSourcesBuildPhase section */
		ACFC7560233F099C0084D8F4 /* Sources */ = {
			isa = PBXSourcesBuildPhase;
			buildActionMask = 2147483647;
			files = (
				ACFC757D233F0AB10084D8F4 /* Model.swift in Sources */,
				AC60BB76233F2912003BABD4 /* ListViewController.swift in Sources */,
				ACFC7568233F099C0084D8F4 /* AppDelegate.swift in Sources */,
				AC60BB78233F3097003BABD4 /* DetailViewController.swift in Sources */,
				AC60BB74233F149F003BABD4 /* Reflection.swift in Sources */,
			);
			runOnlyForDeploymentPostprocessing = 0;
		};
/* End PBXSourcesBuildPhase section */

/* Begin PBXVariantGroup section */
		ACFC756D233F099C0084D8F4 /* Main.storyboard */ = {
			isa = PBXVariantGroup;
			children = (
				ACFC756E233F099C0084D8F4 /* Base */,
			);
			name = Main.storyboard;
			sourceTree = "<group>";
		};
		ACFC7572233F099E0084D8F4 /* LaunchScreen.storyboard */ = {
			isa = PBXVariantGroup;
			children = (
				ACFC7573233F099E0084D8F4 /* Base */,
			);
			name = LaunchScreen.storyboard;
			sourceTree = "<group>";
		};
/* End PBXVariantGroup section */

/* Begin XCBuildConfiguration section */
		ACFC7576233F099E0084D8F4 /* Debug */ = {
			isa = XCBuildConfiguration;
			buildSettings = {
				ALWAYS_SEARCH_USER_PATHS = NO;
				CLANG_ANALYZER_NONNULL = YES;
				CLANG_ANALYZER_NUMBER_OBJECT_CONVERSION = YES_AGGRESSIVE;
				CLANG_CXX_LANGUAGE_STANDARD = "gnu++14";
				CLANG_CXX_LIBRARY = "libc++";
				CLANG_ENABLE_MODULES = YES;
				CLANG_ENABLE_OBJC_ARC = YES;
				CLANG_ENABLE_OBJC_WEAK = YES;
				CLANG_WARN_BLOCK_CAPTURE_AUTORELEASING = YES;
				CLANG_WARN_BOOL_CONVERSION = YES;
				CLANG_WARN_COMMA = YES;
				CLANG_WARN_CONSTANT_CONVERSION = YES;
				CLANG_WARN_DEPRECATED_OBJC_IMPLEMENTATIONS = YES;
				CLANG_WARN_DIRECT_OBJC_ISA_USAGE = YES_ERROR;
				CLANG_WARN_DOCUMENTATION_COMMENTS = YES;
				CLANG_WARN_EMPTY_BODY = YES;
				CLANG_WARN_ENUM_CONVERSION = YES;
				CLANG_WARN_INFINITE_RECURSION = YES;
				CLANG_WARN_INT_CONVERSION = YES;
				CLANG_WARN_NON_LITERAL_NULL_CONVERSION = YES;
				CLANG_WARN_OBJC_IMPLICIT_RETAIN_SELF = YES;
				CLANG_WARN_OBJC_LITERAL_CONVERSION = YES;
				CLANG_WARN_OBJC_ROOT_CLASS = YES_ERROR;
				CLANG_WARN_RANGE_LOOP_ANALYSIS = YES;
				CLANG_WARN_STRICT_PROTOTYPES = YES;
				CLANG_WARN_SUSPICIOUS_MOVE = YES;
				CLANG_WARN_UNGUARDED_AVAILABILITY = YES_AGGRESSIVE;
				CLANG_WARN_UNREACHABLE_CODE = YES;
				CLANG_WARN__DUPLICATE_METHOD_MATCH = YES;
				COPY_PHASE_STRIP = NO;
				DEBUG_INFORMATION_FORMAT = dwarf;
				ENABLE_STRICT_OBJC_MSGSEND = YES;
				ENABLE_TESTABILITY = YES;
				GCC_C_LANGUAGE_STANDARD = gnu11;
				GCC_DYNAMIC_NO_PIC = NO;
				GCC_NO_COMMON_BLOCKS = YES;
				GCC_OPTIMIZATION_LEVEL = 0;
				GCC_PREPROCESSOR_DEFINITIONS = (
					"DEBUG=1",
					"$(inherited)",
				);
				GCC_WARN_64_TO_32_BIT_CONVERSION = YES;
				GCC_WARN_ABOUT_RETURN_TYPE = YES_ERROR;
				GCC_WARN_UNDECLARED_SELECTOR = YES;
				GCC_WARN_UNINITIALIZED_AUTOS = YES_AGGRESSIVE;
				GCC_WARN_UNUSED_FUNCTION = YES;
				GCC_WARN_UNUSED_VARIABLE = YES;
				IPHONEOS_DEPLOYMENT_TARGET = 13.0;
				MTL_ENABLE_DEBUG_INFO = INCLUDE_SOURCE;
				MTL_FAST_MATH = YES;
				ONLY_ACTIVE_ARCH = YES;
				SDKROOT = iphoneos;
				SWIFT_ACTIVE_COMPILATION_CONDITIONS = DEBUG;
				SWIFT_OPTIMIZATION_LEVEL = "-Onone";
			};
			name = Debug;
		};
		ACFC7577233F099E0084D8F4 /* Release */ = {
			isa = XCBuildConfiguration;
			buildSettings = {
				ALWAYS_SEARCH_USER_PATHS = NO;
				CLANG_ANALYZER_NONNULL = YES;
				CLANG_ANALYZER_NUMBER_OBJECT_CONVERSION = YES_AGGRESSIVE;
				CLANG_CXX_LANGUAGE_STANDARD = "gnu++14";
				CLANG_CXX_LIBRARY = "libc++";
				CLANG_ENABLE_MODULES = YES;
				CLANG_ENABLE_OBJC_ARC = YES;
				CLANG_ENABLE_OBJC_WEAK = YES;
				CLANG_WARN_BLOCK_CAPTURE_AUTORELEASING = YES;
				CLANG_WARN_BOOL_CONVERSION = YES;
				CLANG_WARN_COMMA = YES;
				CLANG_WARN_CONSTANT_CONVERSION = YES;
				CLANG_WARN_DEPRECATED_OBJC_IMPLEMENTATIONS = YES;
				CLANG_WARN_DIRECT_OBJC_ISA_USAGE = YES_ERROR;
				CLANG_WARN_DOCUMENTATION_COMMENTS = YES;
				CLANG_WARN_EMPTY_BODY = YES;
				CLANG_WARN_ENUM_CONVERSION = YES;
				CLANG_WARN_INFINITE_RECURSION = YES;
				CLANG_WARN_INT_CONVERSION = YES;
				CLANG_WARN_NON_LITERAL_NULL_CONVERSION = YES;
				CLANG_WARN_OBJC_IMPLICIT_RETAIN_SELF = YES;
				CLANG_WARN_OBJC_LITERAL_CONVERSION = YES;
				CLANG_WARN_OBJC_ROOT_CLASS = YES_ERROR;
				CLANG_WARN_RANGE_LOOP_ANALYSIS = YES;
				CLANG_WARN_STRICT_PROTOTYPES = YES;
				CLANG_WARN_SUSPICIOUS_MOVE = YES;
				CLANG_WARN_UNGUARDED_AVAILABILITY = YES_AGGRESSIVE;
				CLANG_WARN_UNREACHABLE_CODE = YES;
				CLANG_WARN__DUPLICATE_METHOD_MATCH = YES;
				COPY_PHASE_STRIP = NO;
				DEBUG_INFORMATION_FORMAT = "dwarf-with-dsym";
				ENABLE_NS_ASSERTIONS = NO;
				ENABLE_STRICT_OBJC_MSGSEND = YES;
				GCC_C_LANGUAGE_STANDARD = gnu11;
				GCC_NO_COMMON_BLOCKS = YES;
				GCC_WARN_64_TO_32_BIT_CONVERSION = YES;
				GCC_WARN_ABOUT_RETURN_TYPE = YES_ERROR;
				GCC_WARN_UNDECLARED_SELECTOR = YES;
				GCC_WARN_UNINITIALIZED_AUTOS = YES_AGGRESSIVE;
				GCC_WARN_UNUSED_FUNCTION = YES;
				GCC_WARN_UNUSED_VARIABLE = YES;
				IPHONEOS_DEPLOYMENT_TARGET = 13.0;
				MTL_ENABLE_DEBUG_INFO = NO;
				MTL_FAST_MATH = YES;
				SDKROOT = iphoneos;
				SWIFT_COMPILATION_MODE = wholemodule;
				SWIFT_OPTIMIZATION_LEVEL = "-O";
				VALIDATE_PRODUCT = YES;
			};
			name = Release;
		};
		ACFC7579233F099E0084D8F4 /* Debug */ = {
			isa = XCBuildConfiguration;
			buildSettings = {
				ASSETCATALOG_COMPILER_APPICON_NAME = AppIcon;
				CODE_SIGN_STYLE = Automatic;
				DEVELOPMENT_TEAM = 2J4QEF77VW;
				INFOPLIST_FILE = "STS-Test/Info.plist";
				IPHONEOS_DEPLOYMENT_TARGET = 12.0;
				LD_RUNPATH_SEARCH_PATHS = (
					"$(inherited)",
					"@executable_path/Frameworks",
				);
				PRODUCT_BUNDLE_IDENTIFIER = "com.temi4hik.STS-Test";
				PRODUCT_NAME = "$(TARGET_NAME)";
				SWIFT_VERSION = 5.0;
				TARGETED_DEVICE_FAMILY = "1,2";
			};
			name = Debug;
		};
		ACFC757A233F099E0084D8F4 /* Release */ = {
			isa = XCBuildConfiguration;
			buildSettings = {
				ASSETCATALOG_COMPILER_APPICON_NAME = AppIcon;
				CODE_SIGN_STYLE = Automatic;
				DEVELOPMENT_TEAM = 2J4QEF77VW;
				INFOPLIST_FILE = "STS-Test/Info.plist";
				IPHONEOS_DEPLOYMENT_TARGET = 12.0;
				LD_RUNPATH_SEARCH_PATHS = (
					"$(inherited)",
					"@executable_path/Frameworks",
				);
				PRODUCT_BUNDLE_IDENTIFIER = "com.temi4hik.STS-Test";
				PRODUCT_NAME = "$(TARGET_NAME)";
				SWIFT_VERSION = 5.0;
				TARGETED_DEVICE_FAMILY = "1,2";
			};
			name = Release;
		};
/* End XCBuildConfiguration section */

/* Begin XCConfigurationList section */
		ACFC755F233F099C0084D8F4 /* Build configuration list for PBXProject "STS-Test" */ = {
			isa = XCConfigurationList;
			buildConfigurations = (
				ACFC7576233F099E0084D8F4 /* Debug */,
				ACFC7577233F099E0084D8F4 /* Release */,
			);
			defaultConfigurationIsVisible = 0;
			defaultConfigurationName = Release;
		};
		ACFC7578233F099E0084D8F4 /* Build configuration list for PBXNativeTarget "STS-Test" */ = {
			isa = XCConfigurationList;
			buildConfigurations = (
				ACFC7579233F099E0084D8F4 /* Debug */,
				ACFC757A233F099E0084D8F4 /* Release */,
			);
			defaultConfigurationIsVisible = 0;
			defaultConfigurationName = Release;
		};
/* End XCConfigurationList section */
	};
	rootObject = ACFC755C233F099C0084D8F4 /* Project object */;
}
